
Microsoft Visual Studio Solution File, Format Version 12.00
Project("{FAE04EC0-301F-11D3-BF4B-00C04F79EFBC}") = "TelegramTimetable", "TelegramTimetable.csproj", "{0AC5B004-AE1A-42E4-BBCD-00C21CDFF37E}"
EndProject
Project("{FAE04EC0-301F-11D3-BF4B-00C04F79EFBC}") = "Telegram.ASP.Bot", "Telegram.ASP.Bot\Telegram.ASP.Bot.csproj", "{6D5067DC-3865-4301-9624-7E976CE1023E}"
EndProject
Global
	GlobalSection(SolutionConfigurationPlatforms) = preSolution
		Debug|Any CPU = Debug|Any CPU
		Release|Any CPU = Release|Any CPU
	EndGlobalSection
	GlobalSection(ProjectConfigurationPlatforms) = postSolution
		{0AC5B004-AE1A-42E4-BBCD-00C21CDFF37E}.Debug|Any CPU.ActiveCfg = Debug|Any CPU
		{0AC5B004-AE1A-42E4-BBCD-00C21CDFF37E}.Debug|Any CPU.Build.0 = Debug|Any CPU
		{0AC5B004-AE1A-42E4-BBCD-00C21CDFF37E}.Release|Any CPU.ActiveCfg = Release|Any CPU
		{0AC5B004-AE1A-42E4-BBCD-00C21CDFF37E}.Release|Any CPU.Build.0 = Release|Any CPU
		{6D5067DC-3865-4301-9624-7E976CE1023E}.Debug|Any CPU.ActiveCfg = Debug|Any CPU
		{6D5067DC-3865-4301-9624-7E976CE1023E}.Debug|Any CPU.Build.0 = Debug|Any CPU
		{6D5067DC-3865-4301-9624-7E976CE1023E}.Release|Any CPU.ActiveCfg = Release|Any CPU
		{6D5067DC-3865-4301-9624-7E976CE1023E}.Release|Any CPU.Build.0 = Release|Any CPU
	EndGlobalSection
EndGlobal
